
Microsoft Visual Studio Solution File, Format Version 12.00
# Visual Studio 15
VisualStudioVersion = 15.0.26430.16
MinimumVisualStudioVersion = 10.0.40219.1
Project("{FAE04EC0-301F-11D3-BF4B-00C04F79EFBC}") = "EHealthCare.Web", "EHealthCare.Web\EHealthCare.Web.csproj", "{B03B588C-D4EC-44FA-8CE4-F4B347CF729F}"
EndProject
Project("{FAE04EC0-301F-11D3-BF4B-00C04F79EFBC}") = "EHealthCare.Model", "EHealthCare.Model\EHealthCare.Model.csproj", "{CCEBA68D-E0AE-4C03-A9EF-407838CAB8BF}"
EndProject
Project("{FAE04EC0-301F-11D3-BF4B-00C04F79EFBC}") = "EHealthCare.DataLayer", "EHealthCare.DataLayer\EHealthCare.DataLayer.csproj", "{3A273EEB-45EA-47C8-B8CC-4E9312C8A376}"
EndProject
Global
	GlobalSection(SolutionConfigurationPlatforms) = preSolution
		Debug|Any CPU = Debug|Any CPU
		Release|Any CPU = Release|Any CPU
	EndGlobalSection
	GlobalSection(ProjectConfigurationPlatforms) = postSolution
		{B03B588C-D4EC-44FA-8CE4-F4B347CF729F}.Debug|Any CPU.ActiveCfg = Debug|Any CPU
		{B03B588C-D4EC-44FA-8CE4-F4B347CF729F}.Debug|Any CPU.Build.0 = Debug|Any CPU
		{B03B588C-D4EC-44FA-8CE4-F4B347CF729F}.Release|Any CPU.ActiveCfg = Release|Any CPU
		{B03B588C-D4EC-44FA-8CE4-F4B347CF729F}.Release|Any CPU.Build.0 = Release|Any CPU
		{CCEBA68D-E0AE-4C03-A9EF-407838CAB8BF}.Debug|Any CPU.ActiveCfg = Debug|Any CPU
		{CCEBA68D-E0AE-4C03-A9EF-407838CAB8BF}.Debug|Any CPU.Build.0 = Debug|Any CPU
		{CCEBA68D-E0AE-4C03-A9EF-407838CAB8BF}.Release|Any CPU.ActiveCfg = Release|Any CPU
		{CCEBA68D-E0AE-4C03-A9EF-407838CAB8BF}.Release|Any CPU.Build.0 = Release|Any CPU
		{3A273EEB-45EA-47C8-B8CC-4E9312C8A376}.Debug|Any CPU.ActiveCfg = Debug|Any CPU
		{3A273EEB-45EA-47C8-B8CC-4E9312C8A376}.Debug|Any CPU.Build.0 = Debug|Any CPU
		{3A273EEB-45EA-47C8-B8CC-4E9312C8A376}.Release|Any CPU.ActiveCfg = Release|Any CPU
		{3A273EEB-45EA-47C8-B8CC-4E9312C8A376}.Release|Any CPU.Build.0 = Release|Any CPU
	EndGlobalSection
	GlobalSection(SolutionProperties) = preSolution
		HideSolutionNode = FALSE
	EndGlobalSection
EndGlobal
